
Microsoft Visual Studio Solution File, Format Version 12.00
# Visual Studio Version 17
VisualStudioVersion = 17.9.34728.123
MinimumVisualStudioVersion = 10.0.40219.1
Project("{FAE04EC0-301F-11D3-BF4B-00C04F79EFBC}") = "TechTuri", "TechTuri\TechTuri.csproj", "{F9B582AB-6603-4106-88BF-7F6C65E15420}"
EndProject
Global
	GlobalSection(SolutionConfigurationPlatforms) = preSolution
		Debug|Any CPU = Debug|Any CPU
		Release|Any CPU = Release|Any CPU
	EndGlobalSection
	GlobalSection(ProjectConfigurationPlatforms) = postSolution
		{F9B582AB-6603-4106-88BF-7F6C65E15420}.Debug|Any CPU.ActiveCfg = Debug|Any CPU
		{F9B582AB-6603-4106-88BF-7F6C65E15420}.Debug|Any CPU.Build.0 = Debug|Any CPU
		{F9B582AB-6603-4106-88BF-7F6C65E15420}.Release|Any CPU.ActiveCfg = Release|Any CPU
		{F9B582AB-6603-4106-88BF-7F6C65E15420}.Release|Any CPU.Build.0 = Release|Any CPU
	EndGlobalSection
	GlobalSection(SolutionProperties) = preSolution
		HideSolutionNode = FALSE
	EndGlobalSection
	GlobalSection(ExtensibilityGlobals) = postSolution
		SolutionGuid = {11200059-2E76-43E5-B594-7F4AB799F8D0}
	EndGlobalSection
EndGlobal
